
Microsoft Visual Studio Solution File, Format Version 12.00
# Visual Studio Version 17
VisualStudioVersion = 17.8.34330.188
MinimumVisualStudioVersion = 10.0.40219.1
Project("{FAE04EC0-301F-11D3-BF4B-00C04F79EFBC}") = "Deligates", "Deligates\Deligates.csproj", "{4629D6E3-DF99-497F-B97C-A0761C78D2D8}"
EndProject
Global
	GlobalSection(SolutionConfigurationPlatforms) = preSolution
		Debug|Any CPU = Debug|Any CPU
		Release|Any CPU = Release|Any CPU
	EndGlobalSection
	GlobalSection(ProjectConfigurationPlatforms) = postSolution
		{4629D6E3-DF99-497F-B97C-A0761C78D2D8}.Debug|Any CPU.ActiveCfg = Debug|Any CPU
		{4629D6E3-DF99-497F-B97C-A0761C78D2D8}.Debug|Any CPU.Build.0 = Debug|Any CPU
		{4629D6E3-DF99-497F-B97C-A0761C78D2D8}.Release|Any CPU.ActiveCfg = Release|Any CPU
		{4629D6E3-DF99-497F-B97C-A0761C78D2D8}.Release|Any CPU.Build.0 = Release|Any CPU
	EndGlobalSection
	GlobalSection(SolutionProperties) = preSolution
		HideSolutionNode = FALSE
	EndGlobalSection
	GlobalSection(ExtensibilityGlobals) = postSolution
		SolutionGuid = {802A33F9-DDC2-40C6-B8C3-3895E4DD3331}
	EndGlobalSection
EndGlobal
