
Microsoft Visual Studio Solution File, Format Version 12.00
# Visual Studio Version 17
VisualStudioVersion = 17.8.34330.188
MinimumVisualStudioVersion = 10.0.40219.1
Project("{FAE04EC0-301F-11D3-BF4B-00C04F79EFBC}") = "ConsoleBased1", "ConsoleBased1.csproj", "{B3B6D26F-B163-4232-8ED3-517EAD4C38CF}"
EndProject
Global
	GlobalSection(SolutionConfigurationPlatforms) = preSolution
		Debug|Any CPU = Debug|Any CPU
		Release|Any CPU = Release|Any CPU
	EndGlobalSection
	GlobalSection(ProjectConfigurationPlatforms) = postSolution
		{B3B6D26F-B163-4232-8ED3-517EAD4C38CF}.Debug|Any CPU.ActiveCfg = Debug|Any CPU
		{B3B6D26F-B163-4232-8ED3-517EAD4C38CF}.Debug|Any CPU.Build.0 = Debug|Any CPU
		{B3B6D26F-B163-4232-8ED3-517EAD4C38CF}.Release|Any CPU.ActiveCfg = Release|Any CPU
		{B3B6D26F-B163-4232-8ED3-517EAD4C38CF}.Release|Any CPU.Build.0 = Release|Any CPU
	EndGlobalSection
	GlobalSection(SolutionProperties) = preSolution
		HideSolutionNode = FALSE
	EndGlobalSection
	GlobalSection(ExtensibilityGlobals) = postSolution
		SolutionGuid = {CAA091E4-F196-46CE-BE6F-EC7EFF8786CA}
	EndGlobalSection
EndGlobal
