
Microsoft Visual Studio Solution File, Format Version 12.00
# Visual Studio Version 17
VisualStudioVersion = 17.8.34330.188
MinimumVisualStudioVersion = 10.0.40219.1
Project("{FAE04EC0-301F-11D3-BF4B-00C04F79EFBC}") = "DatabaseConnectivity", "DatabaseConnectivity\DatabaseConnectivity.csproj", "{725B657B-2B38-4419-8479-0216AE5D2A59}"
EndProject
Global
	GlobalSection(SolutionConfigurationPlatforms) = preSolution
		Debug|Any CPU = Debug|Any CPU
		Release|Any CPU = Release|Any CPU
	EndGlobalSection
	GlobalSection(ProjectConfigurationPlatforms) = postSolution
		{725B657B-2B38-4419-8479-0216AE5D2A59}.Debug|Any CPU.ActiveCfg = Debug|Any CPU
		{725B657B-2B38-4419-8479-0216AE5D2A59}.Debug|Any CPU.Build.0 = Debug|Any CPU
		{725B657B-2B38-4419-8479-0216AE5D2A59}.Release|Any CPU.ActiveCfg = Release|Any CPU
		{725B657B-2B38-4419-8479-0216AE5D2A59}.Release|Any CPU.Build.0 = Release|Any CPU
	EndGlobalSection
	GlobalSection(SolutionProperties) = preSolution
		HideSolutionNode = FALSE
	EndGlobalSection
	GlobalSection(ExtensibilityGlobals) = postSolution
		SolutionGuid = {246888CD-E930-4414-9139-8FC3506231C8}
	EndGlobalSection
EndGlobal
