
Microsoft Visual Studio Solution File, Format Version 12.00
# Visual Studio Version 17
VisualStudioVersion = 17.8.34330.188
MinimumVisualStudioVersion = 10.0.40219.1
Project("{FAE04EC0-301F-11D3-BF4B-00C04F79EFBC}") = "BookMgmtWeb", "BookMgmtWeb\BookMgmtWeb.csproj", "{3C961019-251C-4801-A148-94C57FEF2862}"
EndProject
Project("{FAE04EC0-301F-11D3-BF4B-00C04F79EFBC}") = "Repository", "Repository\Repository.csproj", "{B532F290-1CFC-406D-8FB0-C198D1DA419C}"
EndProject
Project("{FAE04EC0-301F-11D3-BF4B-00C04F79EFBC}") = "DAL", "DAL\DAL.csproj", "{CD0814CD-9AA8-4614-B3EF-6FB79121FE59}"
EndProject
Project("{FAE04EC0-301F-11D3-BF4B-00C04F79EFBC}") = "BussLayer", "BussLayer\BussLayer.csproj", "{AB0BC724-3445-4106-844F-B4966513FA49}"
EndProject
Project("{FAE04EC0-301F-11D3-BF4B-00C04F79EFBC}") = "Entities", "Entities\Entities.csproj", "{21B21552-8834-4D0E-BF3F-8C66631A3FF8}"
EndProject
Global
	GlobalSection(SolutionConfigurationPlatforms) = preSolution
		Debug|Any CPU = Debug|Any CPU
		Release|Any CPU = Release|Any CPU
	EndGlobalSection
	GlobalSection(ProjectConfigurationPlatforms) = postSolution
		{3C961019-251C-4801-A148-94C57FEF2862}.Debug|Any CPU.ActiveCfg = Debug|Any CPU
		{3C961019-251C-4801-A148-94C57FEF2862}.Debug|Any CPU.Build.0 = Debug|Any CPU
		{3C961019-251C-4801-A148-94C57FEF2862}.Release|Any CPU.ActiveCfg = Release|Any CPU
		{3C961019-251C-4801-A148-94C57FEF2862}.Release|Any CPU.Build.0 = Release|Any CPU
		{B532F290-1CFC-406D-8FB0-C198D1DA419C}.Debug|Any CPU.ActiveCfg = Debug|Any CPU
		{B532F290-1CFC-406D-8FB0-C198D1DA419C}.Debug|Any CPU.Build.0 = Debug|Any CPU
		{B532F290-1CFC-406D-8FB0-C198D1DA419C}.Release|Any CPU.ActiveCfg = Release|Any CPU
		{B532F290-1CFC-406D-8FB0-C198D1DA419C}.Release|Any CPU.Build.0 = Release|Any CPU
		{CD0814CD-9AA8-4614-B3EF-6FB79121FE59}.Debug|Any CPU.ActiveCfg = Debug|Any CPU
		{CD0814CD-9AA8-4614-B3EF-6FB79121FE59}.Debug|Any CPU.Build.0 = Debug|Any CPU
		{CD0814CD-9AA8-4614-B3EF-6FB79121FE59}.Release|Any CPU.ActiveCfg = Release|Any CPU
		{CD0814CD-9AA8-4614-B3EF-6FB79121FE59}.Release|Any CPU.Build.0 = Release|Any CPU
		{AB0BC724-3445-4106-844F-B4966513FA49}.Debug|Any CPU.ActiveCfg = Debug|Any CPU
		{AB0BC724-3445-4106-844F-B4966513FA49}.Debug|Any CPU.Build.0 = Debug|Any CPU
		{AB0BC724-3445-4106-844F-B4966513FA49}.Release|Any CPU.ActiveCfg = Release|Any CPU
		{AB0BC724-3445-4106-844F-B4966513FA49}.Release|Any CPU.Build.0 = Release|Any CPU
		{21B21552-8834-4D0E-BF3F-8C66631A3FF8}.Debug|Any CPU.ActiveCfg = Debug|Any CPU
		{21B21552-8834-4D0E-BF3F-8C66631A3FF8}.Debug|Any CPU.Build.0 = Debug|Any CPU
		{21B21552-8834-4D0E-BF3F-8C66631A3FF8}.Release|Any CPU.ActiveCfg = Release|Any CPU
		{21B21552-8834-4D0E-BF3F-8C66631A3FF8}.Release|Any CPU.Build.0 = Release|Any CPU
	EndGlobalSection
	GlobalSection(SolutionProperties) = preSolution
		HideSolutionNode = FALSE
	EndGlobalSection
	GlobalSection(ExtensibilityGlobals) = postSolution
		SolutionGuid = {4C0C28D0-F6E8-4537-810C-D90050633EEF}
	EndGlobalSection
EndGlobal
